github.com/ssleert/ginip v0.0.0-20230129095011-281b35abb363 h1:8KhzJiW7UkKFoYhCKvRjOIwfXBh1y/Na9JmT6+kniFo=
github.com/ssleert/ginip v0.0.0-20230129095011-281b35abb363/go.mod h1:kFrO03HveobMT8njoWS39u4ZlyeAJmR1JkS2hWDkIkM=
github.com/ssleert/memory v0.0.0-20230103231353-e1d09fb8d47b h1:2pAOrnJYvnCuHiTKGV818BXd7QlCNdVXulzul1vx4Jg=
github.com/ssleert/memory v0.0.0-20230103231353-e1d09fb8d47b/go.mod h1:8la+hPQ08C+pYCShvQB24O1KEfw223INgrf3vZ42GGg=
github.com/ssleert/sfolib v0.0.0-20230203143112-9ac4d7201928 h1:PYpQfxD90NxhIss/tEHrNbF2Rwa9R29kBDnt1gCY3Z8=
github.com/ssleert/sfolib v0.0.0-20230203143112-9ac4d7201928/go.mod h1:/9/wK9KIObc44RFZLx93S8vFbGLUG34vh48fB7NNAD4=
github.com/ssleert/sterm v0.0.0-20230207090816-a4eb376ab22c h1:Fj0O1Ppze+EYxGYMMCatDQssPhURgNiYt3bKfO1fMGg=
github.com/ssleert/sterm v0.0.0-20230207090816-a4eb376ab22c/go.mod h1:1hevX7HxfH0JGmY0ogg7HpWBPGUpF48Ef5F2sGbSuJk=
golang.org/x/sys v0.5.0 h1:MUK/U/4lj1t1oPg0HfuXDN/Z1wv31ZJ/YcPiGccS4DU=
golang.org/x/sys v0.5.0/go.mod h1:oPkhp1MJrh7nUepCBck5+mAzfO9JrbApNNgaTdGDITg=
golang.org/x/term v0.4.0 h1:O7UWfv5+A2qiuulQk30kVinPoMtoIPeVaKLEgLpVkvg=
golang.org/x/term v0.4.0/go.mod h1:9P2UbLfCdcvo3p/nzKvsmas4TnlujnuoV9hGgYzW1lQ=
