github.com/ssleert/ginip v0.0.0-20230227154124-b54e1db9333a h1:bL19gkN3iNjPoK7qqdQZzfd67t1yoSr9DFgRhsBLm98=
github.com/ssleert/ginip v0.0.0-20230227154124-b54e1db9333a/go.mod h1:VpRtYFcXckbjKI6ebTb6+I7YOz3wOVvTllYOh+6tXpI=
github.com/ssleert/memory v0.0.0-20230226084404-d38f9dbae5c8 h1:GLlcS5Yqp6Tvr78p2ASuCvgTgFik/f5J87pG6YNi1LI=
github.com/ssleert/memory v0.0.0-20230226084404-d38f9dbae5c8/go.mod h1:qvtv/pPP8it5AaBnZ1nAMw+T5L8WUpP9zWKoT/415p4=
github.com/ssleert/sfolib v0.0.0-20230227101151-c26a674aa15c h1:CaAWvlzC4/mas6HgkLBKhm+3Q2qne2a4ev4Z9GFqXHM=
github.com/ssleert/sfolib v0.0.0-20230227101151-c26a674aa15c/go.mod h1:O81lzFYjUfZbbHBfz/Gpv2yTZzEghb0Qy8a/CX9ZdMU=
github.com/ssleert/sterm v0.0.0-20230227155425-62ced4a06aac h1:z4Tl3wU0eidFkKauSzh/MdxloiigK2p1Hm/r7T+3GPw=
github.com/ssleert/sterm v0.0.0-20230227155425-62ced4a06aac/go.mod h1:+zmUV/btvbbXVg3+L5nImFkJMYyo/eLPoZZxxnanJPQ=
golang.org/x/sys v0.5.0 h1:MUK/U/4lj1t1oPg0HfuXDN/Z1wv31ZJ/YcPiGccS4DU=
golang.org/x/sys v0.5.0/go.mod h1:oPkhp1MJrh7nUepCBck5+mAzfO9JrbApNNgaTdGDITg=
golang.org/x/term v0.5.0 h1:n2a8QNdAb0sZNpU9R1ALUXBbY+w51fCQDN+7EdxNBsY=
golang.org/x/term v0.5.0/go.mod h1:jMB1sMXY+tzblOD4FWmEbocvup2/aLOaQEp7JmGp78k=
